
Microsoft Visual Studio Solution File, Format Version 12.00
# Visual Studio Version 16
VisualStudioVersion = 16.0.29613.14
MinimumVisualStudioVersion = 10.0.40219.1
Project("{FAE04EC0-301F-11D3-BF4B-00C04F79EFBC}") = "HelloWorld", "HelloWorld\HelloWorld.csproj", "{C97A16A8-D2D3-4A67-A323-21897C4BF8DD}"
EndProject
Project("{FAE04EC0-301F-11D3-BF4B-00C04F79EFBC}") = "Vigener", "Vigener\Vigener.csproj", "{B989D312-B98F-4813-BF22-089DA038F8E9}"
EndProject
Project("{FAE04EC0-301F-11D3-BF4B-00C04F79EFBC}") = "ColorMix", "ColorMix\ColorMix.csproj", "{A047AAEC-671A-45EC-9505-8F40C5221DC8}"
EndProject
Project("{FAE04EC0-301F-11D3-BF4B-00C04F79EFBC}") = "Sportka", "Sportka\Sportka.csproj", "{F4A7FD2F-1497-4B77-912F-23D1C4AC9A91}"
EndProject
Project("{FAE04EC0-301F-11D3-BF4B-00C04F79EFBC}") = "Kalkulacka", "Kalkulacka\Kalkulacka.csproj", "{4817C924-146C-4D4F-84CF-27FCCE84FA91}"
EndProject
Project("{FAE04EC0-301F-11D3-BF4B-00C04F79EFBC}") = "Kondiciogram", "Kondiciogram\Kondiciogram.csproj", "{8432A7ED-FE5C-4690-A065-39AB1A69C798}"
EndProject
Global
	GlobalSection(SolutionConfigurationPlatforms) = preSolution
		Debug|Any CPU = Debug|Any CPU
		Release|Any CPU = Release|Any CPU
	EndGlobalSection
	GlobalSection(ProjectConfigurationPlatforms) = postSolution
		{C97A16A8-D2D3-4A67-A323-21897C4BF8DD}.Debug|Any CPU.ActiveCfg = Debug|Any CPU
		{C97A16A8-D2D3-4A67-A323-21897C4BF8DD}.Debug|Any CPU.Build.0 = Debug|Any CPU
		{C97A16A8-D2D3-4A67-A323-21897C4BF8DD}.Release|Any CPU.ActiveCfg = Release|Any CPU
		{C97A16A8-D2D3-4A67-A323-21897C4BF8DD}.Release|Any CPU.Build.0 = Release|Any CPU
		{B989D312-B98F-4813-BF22-089DA038F8E9}.Debug|Any CPU.ActiveCfg = Debug|Any CPU
		{B989D312-B98F-4813-BF22-089DA038F8E9}.Debug|Any CPU.Build.0 = Debug|Any CPU
		{B989D312-B98F-4813-BF22-089DA038F8E9}.Release|Any CPU.ActiveCfg = Release|Any CPU
		{B989D312-B98F-4813-BF22-089DA038F8E9}.Release|Any CPU.Build.0 = Release|Any CPU
		{A047AAEC-671A-45EC-9505-8F40C5221DC8}.Debug|Any CPU.ActiveCfg = Debug|Any CPU
		{A047AAEC-671A-45EC-9505-8F40C5221DC8}.Debug|Any CPU.Build.0 = Debug|Any CPU
		{A047AAEC-671A-45EC-9505-8F40C5221DC8}.Release|Any CPU.ActiveCfg = Release|Any CPU
		{A047AAEC-671A-45EC-9505-8F40C5221DC8}.Release|Any CPU.Build.0 = Release|Any CPU
		{F4A7FD2F-1497-4B77-912F-23D1C4AC9A91}.Debug|Any CPU.ActiveCfg = Debug|Any CPU
		{F4A7FD2F-1497-4B77-912F-23D1C4AC9A91}.Debug|Any CPU.Build.0 = Debug|Any CPU
		{F4A7FD2F-1497-4B77-912F-23D1C4AC9A91}.Release|Any CPU.ActiveCfg = Release|Any CPU
		{F4A7FD2F-1497-4B77-912F-23D1C4AC9A91}.Release|Any CPU.Build.0 = Release|Any CPU
		{4817C924-146C-4D4F-84CF-27FCCE84FA91}.Debug|Any CPU.ActiveCfg = Debug|Any CPU
		{4817C924-146C-4D4F-84CF-27FCCE84FA91}.Debug|Any CPU.Build.0 = Debug|Any CPU
		{4817C924-146C-4D4F-84CF-27FCCE84FA91}.Release|Any CPU.ActiveCfg = Release|Any CPU
		{4817C924-146C-4D4F-84CF-27FCCE84FA91}.Release|Any CPU.Build.0 = Release|Any CPU
		{8432A7ED-FE5C-4690-A065-39AB1A69C798}.Debug|Any CPU.ActiveCfg = Debug|Any CPU
		{8432A7ED-FE5C-4690-A065-39AB1A69C798}.Debug|Any CPU.Build.0 = Debug|Any CPU
		{8432A7ED-FE5C-4690-A065-39AB1A69C798}.Release|Any CPU.ActiveCfg = Release|Any CPU
		{8432A7ED-FE5C-4690-A065-39AB1A69C798}.Release|Any CPU.Build.0 = Release|Any CPU
	EndGlobalSection
	GlobalSection(SolutionProperties) = preSolution
		HideSolutionNode = FALSE
	EndGlobalSection
	GlobalSection(ExtensibilityGlobals) = postSolution
		SolutionGuid = {14427F06-B8B7-40A5-8189-F40E1A71BA55}
	EndGlobalSection
EndGlobal
